
Microsoft Visual Studio Solution File, Format Version 11.00
# Visual Web Developer Express 2010
Project("{FAE04EC0-301F-11D3-BF4B-00C04F79EFBC}") = "NuPackAddin", "NuPackAddin.csproj", "{B3FE612E-260C-40BC-8E2E-C5653F531AAA}"
EndProject
Global
	GlobalSection(SolutionConfigurationPlatforms) = preSolution
		Debug|Any CPU = Debug|Any CPU
		Release|Any CPU = Release|Any CPU
	EndGlobalSection
	GlobalSection(ProjectConfigurationPlatforms) = postSolution
		{B3FE612E-260C-40BC-8E2E-C5653F531AAA}.Debug|Any CPU.ActiveCfg = Debug|Any CPU
		{B3FE612E-260C-40BC-8E2E-C5653F531AAA}.Debug|Any CPU.Build.0 = Debug|Any CPU
		{B3FE612E-260C-40BC-8E2E-C5653F531AAA}.Release|Any CPU.ActiveCfg = Release|Any CPU
		{B3FE612E-260C-40BC-8E2E-C5653F531AAA}.Release|Any CPU.Build.0 = Release|Any CPU
	EndGlobalSection
	GlobalSection(SolutionProperties) = preSolution
		HideSolutionNode = FALSE
	EndGlobalSection
	GlobalSection(MonoDevelopProperties) = preSolution
		StartupItem = NuPackAddin.csproj
	EndGlobalSection
EndGlobal
